
Microsoft Visual Studio Solution File, Format Version 12.00
# Visual Studio Version 17
VisualStudioVersion = 17.6.33829.357
MinimumVisualStudioVersion = 10.0.40219.1
Project("{9A19103F-16F7-4668-BE54-9A1E7A4F7556}") = "TaskManager", "TaskManager\TaskManager.csproj", "{C83BD5A1-3AA2-4F9C-BEA2-06E9822B06BE}"
EndProject
Project("{FAE04EC0-301F-11D3-BF4B-00C04F79EFBC}") = "NUnitTests", "NUnitTests\NUnitTests.csproj", "{37678AB9-0D3E-4101-A36B-6736F3355CC1}"
EndProject
Global
	GlobalSection(SolutionConfigurationPlatforms) = preSolution
		Debug|Any CPU = Debug|Any CPU
		Release|Any CPU = Release|Any CPU
	EndGlobalSection
	GlobalSection(ProjectConfigurationPlatforms) = postSolution
		{C83BD5A1-3AA2-4F9C-BEA2-06E9822B06BE}.Debug|Any CPU.ActiveCfg = Debug|Any CPU
		{C83BD5A1-3AA2-4F9C-BEA2-06E9822B06BE}.Debug|Any CPU.Build.0 = Debug|Any CPU
		{C83BD5A1-3AA2-4F9C-BEA2-06E9822B06BE}.Release|Any CPU.ActiveCfg = Release|Any CPU
		{C83BD5A1-3AA2-4F9C-BEA2-06E9822B06BE}.Release|Any CPU.Build.0 = Release|Any CPU
		{37678AB9-0D3E-4101-A36B-6736F3355CC1}.Debug|Any CPU.ActiveCfg = Debug|Any CPU
		{37678AB9-0D3E-4101-A36B-6736F3355CC1}.Debug|Any CPU.Build.0 = Debug|Any CPU
		{37678AB9-0D3E-4101-A36B-6736F3355CC1}.Release|Any CPU.ActiveCfg = Release|Any CPU
		{37678AB9-0D3E-4101-A36B-6736F3355CC1}.Release|Any CPU.Build.0 = Release|Any CPU
	EndGlobalSection
	GlobalSection(SolutionProperties) = preSolution
		HideSolutionNode = FALSE
	EndGlobalSection
	GlobalSection(ExtensibilityGlobals) = postSolution
		SolutionGuid = {224A86A2-C4F0-405F-83AE-D957FFF6BA5F}
	EndGlobalSection
EndGlobal
